
Microsoft Visual Studio Solution File, Format Version 12.00
# Visual Studio Version 17
VisualStudioVersion = 17.2.32616.157
MinimumVisualStudioVersion = 10.0.40219.1
Project("{2150E333-8FDC-42A3-9474-1A3956D46DE8}") = "Services", "Services", "{9A121736-0F83-4058-861A-6AF2469FE3D6}"
EndProject
Project("{2150E333-8FDC-42A3-9474-1A3956D46DE8}") = "Catalog", "Catalog", "{793DE783-539E-49D2-90A0-8106704B4D88}"
EndProject
Project("{FAE04EC0-301F-11D3-BF4B-00C04F79EFBC}") = "Catalog.API", "Services\Catalog\Catalog.API\Catalog.API.csproj", "{749A4B9D-F55F-40CF-A8D5-CA7B7FDF71F2}"
EndProject
Global
	GlobalSection(SolutionConfigurationPlatforms) = preSolution
		Debug|Any CPU = Debug|Any CPU
		Release|Any CPU = Release|Any CPU
	EndGlobalSection
	GlobalSection(ProjectConfigurationPlatforms) = postSolution
		{749A4B9D-F55F-40CF-A8D5-CA7B7FDF71F2}.Debug|Any CPU.ActiveCfg = Debug|Any CPU
		{749A4B9D-F55F-40CF-A8D5-CA7B7FDF71F2}.Debug|Any CPU.Build.0 = Debug|Any CPU
		{749A4B9D-F55F-40CF-A8D5-CA7B7FDF71F2}.Release|Any CPU.ActiveCfg = Release|Any CPU
		{749A4B9D-F55F-40CF-A8D5-CA7B7FDF71F2}.Release|Any CPU.Build.0 = Release|Any CPU
	EndGlobalSection
	GlobalSection(SolutionProperties) = preSolution
		HideSolutionNode = FALSE
	EndGlobalSection
	GlobalSection(NestedProjects) = preSolution
		{793DE783-539E-49D2-90A0-8106704B4D88} = {9A121736-0F83-4058-861A-6AF2469FE3D6}
		{749A4B9D-F55F-40CF-A8D5-CA7B7FDF71F2} = {793DE783-539E-49D2-90A0-8106704B4D88}
	EndGlobalSection
	GlobalSection(ExtensibilityGlobals) = postSolution
		SolutionGuid = {85FB1065-D167-402A-93FD-9DC3FE3EA028}
	EndGlobalSection
EndGlobal
