
Microsoft Visual Studio Solution File, Format Version 12.00
# Visual Studio Version 17
VisualStudioVersion = 17.2.32616.157
MinimumVisualStudioVersion = 10.0.40219.1
Project("{2150E333-8FDC-42A3-9474-1A3956D46DE8}") = "Services", "Services", "{9A121736-0F83-4058-861A-6AF2469FE3D6}"
EndProject
Project("{2150E333-8FDC-42A3-9474-1A3956D46DE8}") = "Catalog", "Catalog", "{793DE783-539E-49D2-90A0-8106704B4D88}"
EndProject
Project("{9A19103F-16F7-4668-BE54-9A1E7A4F7556}") = "Catalog.API", "Services\Catalog\Catalog.API\Catalog.API.csproj", "{749A4B9D-F55F-40CF-A8D5-CA7B7FDF71F2}"
EndProject
Project("{E53339B2-1760-4266-BCC7-CA923CBCF16C}") = "docker-compose", "docker-compose.dcproj", "{30470964-CD4D-4782-82DD-BD407D2D71C2}"
EndProject
Project("{2150E333-8FDC-42A3-9474-1A3956D46DE8}") = "Basket", "Basket", "{91541084-0511-4D9C-8C3D-5369C2C843AC}"
EndProject
Project("{9A19103F-16F7-4668-BE54-9A1E7A4F7556}") = "Basket.API", "Services\Basket\Basket.API\Basket.API.csproj", "{19C82C78-62AF-4FC9-85EC-DA863F4BA411}"
EndProject
Project("{2150E333-8FDC-42A3-9474-1A3956D46DE8}") = "Discount", "Discount", "{7347F426-232F-4ECA-AFC8-8F3F08CAAC18}"
EndProject
Project("{9A19103F-16F7-4668-BE54-9A1E7A4F7556}") = "Discount.API", "Services\Discount\Discount.API\Discount.API.csproj", "{F17AC353-9A40-4252-815C-8B66DB9AB729}"
EndProject
Project("{9A19103F-16F7-4668-BE54-9A1E7A4F7556}") = "Discount.Grpc", "Services\Discount\Discount.Grpc\Discount.Grpc.csproj", "{5AE5BC4C-0091-4985-BB43-CEFF5EA0C6E3}"
EndProject
Project("{2150E333-8FDC-42A3-9474-1A3956D46DE8}") = "Ordering", "Ordering", "{04D6EF73-372C-490C-A986-59240537DF11}"
EndProject
Project("{9A19103F-16F7-4668-BE54-9A1E7A4F7556}") = "Ordering.API", "Services\Ordering\Ordering.API\Ordering.API.csproj", "{595775F9-EF1D-4E34-9ABA-7F933EA2AF0C}"
EndProject
Project("{9A19103F-16F7-4668-BE54-9A1E7A4F7556}") = "Ordering.Domain", "Services\Ordering\Ordering.Domain\Ordering.Domain.csproj", "{9E87D35F-386E-4BFD-BAC7-ED263AA32F75}"
EndProject
Project("{9A19103F-16F7-4668-BE54-9A1E7A4F7556}") = "Ordering.Application", "Services\Ordering\Ordering.Application\Ordering.Application.csproj", "{200D611D-5CAF-4127-B18C-3D2EFB08089B}"
EndProject
Project("{9A19103F-16F7-4668-BE54-9A1E7A4F7556}") = "Ordering.Infrustructure", "Services\Ordering\Ordering.Infrustructure\Ordering.Infrustructure.csproj", "{484B07B6-167B-491D-8326-ADBF8EB22E8F}"
EndProject
Project("{2150E333-8FDC-42A3-9474-1A3956D46DE8}") = "BuildingBlocks", "BuildingBlocks", "{A45966C3-1F1A-4EFE-9548-9A6FC665BBAD}"
EndProject
Project("{9A19103F-16F7-4668-BE54-9A1E7A4F7556}") = "EventBus.Messages", "BuildingBlocks\EventBus.Messages\EventBus.Messages.csproj", "{D4F98E46-F6CD-4E66-B7CD-1AA130D6023C}"
EndProject
Project("{2150E333-8FDC-42A3-9474-1A3956D46DE8}") = "ApiGateways", "ApiGateways", "{0E33FAAE-A0CB-41E2-90A8-BFBD61F89E2E}"
EndProject
Project("{9A19103F-16F7-4668-BE54-9A1E7A4F7556}") = "OcelotApiGw", "ApiGateways\OcelotApiGw\OcelotApiGw.csproj", "{CE6EFA82-8049-4BD8-BAD0-D267B619B3E3}"
EndProject
Project("{9A19103F-16F7-4668-BE54-9A1E7A4F7556}") = "Shopping.Aggregator", "ApiGateways\Shopping.Aggregator\Shopping.Aggregator.csproj", "{993A7F76-67EA-4AD3-A8C0-5ECA275090C9}"
EndProject
Project("{2150E333-8FDC-42A3-9474-1A3956D46DE8}") = "WebApps", "WebApps", "{2981D2DD-856A-434A-BEB5-4BA53E6A7AEE}"
EndProject
Project("{9A19103F-16F7-4668-BE54-9A1E7A4F7556}") = "AspnetRunBasics", "WebApps\AspnetRunBasics\AspnetRunBasics.csproj", "{572C20CE-E511-40AB-8F59-2811F14E7DB4}"
EndProject
Project("{FAE04EC0-301F-11D3-BF4B-00C04F79EFBC}") = "Common.Logging", "BuildingBlocks\Common.Logging\Common.Logging.csproj", "{2BEF9119-FA6F-4585-A23E-2FCF9915C9CA}"
EndProject
Global
	GlobalSection(SolutionConfigurationPlatforms) = preSolution
		Debug|Any CPU = Debug|Any CPU
		Release|Any CPU = Release|Any CPU
	EndGlobalSection
	GlobalSection(ProjectConfigurationPlatforms) = postSolution
		{749A4B9D-F55F-40CF-A8D5-CA7B7FDF71F2}.Debug|Any CPU.ActiveCfg = Debug|Any CPU
		{749A4B9D-F55F-40CF-A8D5-CA7B7FDF71F2}.Debug|Any CPU.Build.0 = Debug|Any CPU
		{749A4B9D-F55F-40CF-A8D5-CA7B7FDF71F2}.Release|Any CPU.ActiveCfg = Release|Any CPU
		{749A4B9D-F55F-40CF-A8D5-CA7B7FDF71F2}.Release|Any CPU.Build.0 = Release|Any CPU
		{30470964-CD4D-4782-82DD-BD407D2D71C2}.Debug|Any CPU.ActiveCfg = Debug|Any CPU
		{30470964-CD4D-4782-82DD-BD407D2D71C2}.Debug|Any CPU.Build.0 = Debug|Any CPU
		{30470964-CD4D-4782-82DD-BD407D2D71C2}.Release|Any CPU.ActiveCfg = Release|Any CPU
		{30470964-CD4D-4782-82DD-BD407D2D71C2}.Release|Any CPU.Build.0 = Release|Any CPU
		{19C82C78-62AF-4FC9-85EC-DA863F4BA411}.Debug|Any CPU.ActiveCfg = Debug|Any CPU
		{19C82C78-62AF-4FC9-85EC-DA863F4BA411}.Debug|Any CPU.Build.0 = Debug|Any CPU
		{19C82C78-62AF-4FC9-85EC-DA863F4BA411}.Release|Any CPU.ActiveCfg = Release|Any CPU
		{19C82C78-62AF-4FC9-85EC-DA863F4BA411}.Release|Any CPU.Build.0 = Release|Any CPU
		{F17AC353-9A40-4252-815C-8B66DB9AB729}.Debug|Any CPU.ActiveCfg = Debug|Any CPU
		{F17AC353-9A40-4252-815C-8B66DB9AB729}.Debug|Any CPU.Build.0 = Debug|Any CPU
		{F17AC353-9A40-4252-815C-8B66DB9AB729}.Release|Any CPU.ActiveCfg = Release|Any CPU
		{F17AC353-9A40-4252-815C-8B66DB9AB729}.Release|Any CPU.Build.0 = Release|Any CPU
		{5AE5BC4C-0091-4985-BB43-CEFF5EA0C6E3}.Debug|Any CPU.ActiveCfg = Debug|Any CPU
		{5AE5BC4C-0091-4985-BB43-CEFF5EA0C6E3}.Debug|Any CPU.Build.0 = Debug|Any CPU
		{5AE5BC4C-0091-4985-BB43-CEFF5EA0C6E3}.Release|Any CPU.ActiveCfg = Release|Any CPU
		{5AE5BC4C-0091-4985-BB43-CEFF5EA0C6E3}.Release|Any CPU.Build.0 = Release|Any CPU
		{595775F9-EF1D-4E34-9ABA-7F933EA2AF0C}.Debug|Any CPU.ActiveCfg = Debug|Any CPU
		{595775F9-EF1D-4E34-9ABA-7F933EA2AF0C}.Debug|Any CPU.Build.0 = Debug|Any CPU
		{595775F9-EF1D-4E34-9ABA-7F933EA2AF0C}.Release|Any CPU.ActiveCfg = Release|Any CPU
		{595775F9-EF1D-4E34-9ABA-7F933EA2AF0C}.Release|Any CPU.Build.0 = Release|Any CPU
		{9E87D35F-386E-4BFD-BAC7-ED263AA32F75}.Debug|Any CPU.ActiveCfg = Debug|Any CPU
		{9E87D35F-386E-4BFD-BAC7-ED263AA32F75}.Debug|Any CPU.Build.0 = Debug|Any CPU
		{9E87D35F-386E-4BFD-BAC7-ED263AA32F75}.Release|Any CPU.ActiveCfg = Release|Any CPU
		{9E87D35F-386E-4BFD-BAC7-ED263AA32F75}.Release|Any CPU.Build.0 = Release|Any CPU
		{200D611D-5CAF-4127-B18C-3D2EFB08089B}.Debug|Any CPU.ActiveCfg = Debug|Any CPU
		{200D611D-5CAF-4127-B18C-3D2EFB08089B}.Debug|Any CPU.Build.0 = Debug|Any CPU
		{200D611D-5CAF-4127-B18C-3D2EFB08089B}.Release|Any CPU.ActiveCfg = Release|Any CPU
		{200D611D-5CAF-4127-B18C-3D2EFB08089B}.Release|Any CPU.Build.0 = Release|Any CPU
		{484B07B6-167B-491D-8326-ADBF8EB22E8F}.Debug|Any CPU.ActiveCfg = Debug|Any CPU
		{484B07B6-167B-491D-8326-ADBF8EB22E8F}.Debug|Any CPU.Build.0 = Debug|Any CPU
		{484B07B6-167B-491D-8326-ADBF8EB22E8F}.Release|Any CPU.ActiveCfg = Release|Any CPU
		{484B07B6-167B-491D-8326-ADBF8EB22E8F}.Release|Any CPU.Build.0 = Release|Any CPU
		{D4F98E46-F6CD-4E66-B7CD-1AA130D6023C}.Debug|Any CPU.ActiveCfg = Debug|Any CPU
		{D4F98E46-F6CD-4E66-B7CD-1AA130D6023C}.Debug|Any CPU.Build.0 = Debug|Any CPU
		{D4F98E46-F6CD-4E66-B7CD-1AA130D6023C}.Release|Any CPU.ActiveCfg = Release|Any CPU
		{D4F98E46-F6CD-4E66-B7CD-1AA130D6023C}.Release|Any CPU.Build.0 = Release|Any CPU
		{CE6EFA82-8049-4BD8-BAD0-D267B619B3E3}.Debug|Any CPU.ActiveCfg = Debug|Any CPU
		{CE6EFA82-8049-4BD8-BAD0-D267B619B3E3}.Debug|Any CPU.Build.0 = Debug|Any CPU
		{CE6EFA82-8049-4BD8-BAD0-D267B619B3E3}.Release|Any CPU.ActiveCfg = Release|Any CPU
		{CE6EFA82-8049-4BD8-BAD0-D267B619B3E3}.Release|Any CPU.Build.0 = Release|Any CPU
		{993A7F76-67EA-4AD3-A8C0-5ECA275090C9}.Debug|Any CPU.ActiveCfg = Debug|Any CPU
		{993A7F76-67EA-4AD3-A8C0-5ECA275090C9}.Debug|Any CPU.Build.0 = Debug|Any CPU
		{993A7F76-67EA-4AD3-A8C0-5ECA275090C9}.Release|Any CPU.ActiveCfg = Release|Any CPU
		{993A7F76-67EA-4AD3-A8C0-5ECA275090C9}.Release|Any CPU.Build.0 = Release|Any CPU
		{572C20CE-E511-40AB-8F59-2811F14E7DB4}.Debug|Any CPU.ActiveCfg = Debug|Any CPU
		{572C20CE-E511-40AB-8F59-2811F14E7DB4}.Debug|Any CPU.Build.0 = Debug|Any CPU
		{572C20CE-E511-40AB-8F59-2811F14E7DB4}.Release|Any CPU.ActiveCfg = Release|Any CPU
		{572C20CE-E511-40AB-8F59-2811F14E7DB4}.Release|Any CPU.Build.0 = Release|Any CPU
		{2BEF9119-FA6F-4585-A23E-2FCF9915C9CA}.Debug|Any CPU.ActiveCfg = Debug|Any CPU
		{2BEF9119-FA6F-4585-A23E-2FCF9915C9CA}.Debug|Any CPU.Build.0 = Debug|Any CPU
		{2BEF9119-FA6F-4585-A23E-2FCF9915C9CA}.Release|Any CPU.ActiveCfg = Release|Any CPU
		{2BEF9119-FA6F-4585-A23E-2FCF9915C9CA}.Release|Any CPU.Build.0 = Release|Any CPU
	EndGlobalSection
	GlobalSection(SolutionProperties) = preSolution
		HideSolutionNode = FALSE
	EndGlobalSection
	GlobalSection(NestedProjects) = preSolution
		{793DE783-539E-49D2-90A0-8106704B4D88} = {9A121736-0F83-4058-861A-6AF2469FE3D6}
		{749A4B9D-F55F-40CF-A8D5-CA7B7FDF71F2} = {793DE783-539E-49D2-90A0-8106704B4D88}
		{91541084-0511-4D9C-8C3D-5369C2C843AC} = {9A121736-0F83-4058-861A-6AF2469FE3D6}
		{19C82C78-62AF-4FC9-85EC-DA863F4BA411} = {91541084-0511-4D9C-8C3D-5369C2C843AC}
		{7347F426-232F-4ECA-AFC8-8F3F08CAAC18} = {9A121736-0F83-4058-861A-6AF2469FE3D6}
		{F17AC353-9A40-4252-815C-8B66DB9AB729} = {7347F426-232F-4ECA-AFC8-8F3F08CAAC18}
		{5AE5BC4C-0091-4985-BB43-CEFF5EA0C6E3} = {7347F426-232F-4ECA-AFC8-8F3F08CAAC18}
		{04D6EF73-372C-490C-A986-59240537DF11} = {9A121736-0F83-4058-861A-6AF2469FE3D6}
		{595775F9-EF1D-4E34-9ABA-7F933EA2AF0C} = {04D6EF73-372C-490C-A986-59240537DF11}
		{9E87D35F-386E-4BFD-BAC7-ED263AA32F75} = {04D6EF73-372C-490C-A986-59240537DF11}
		{200D611D-5CAF-4127-B18C-3D2EFB08089B} = {04D6EF73-372C-490C-A986-59240537DF11}
		{484B07B6-167B-491D-8326-ADBF8EB22E8F} = {04D6EF73-372C-490C-A986-59240537DF11}
		{D4F98E46-F6CD-4E66-B7CD-1AA130D6023C} = {A45966C3-1F1A-4EFE-9548-9A6FC665BBAD}
		{CE6EFA82-8049-4BD8-BAD0-D267B619B3E3} = {0E33FAAE-A0CB-41E2-90A8-BFBD61F89E2E}
		{993A7F76-67EA-4AD3-A8C0-5ECA275090C9} = {0E33FAAE-A0CB-41E2-90A8-BFBD61F89E2E}
		{572C20CE-E511-40AB-8F59-2811F14E7DB4} = {2981D2DD-856A-434A-BEB5-4BA53E6A7AEE}
		{2BEF9119-FA6F-4585-A23E-2FCF9915C9CA} = {A45966C3-1F1A-4EFE-9548-9A6FC665BBAD}
	EndGlobalSection
	GlobalSection(ExtensibilityGlobals) = postSolution
		SolutionGuid = {85FB1065-D167-402A-93FD-9DC3FE3EA028}
	EndGlobalSection
EndGlobal
